
Microsoft Visual Studio Solution File, Format Version 12.00
# Visual Studio Version 17
VisualStudioVersion = 17.1.32414.318
MinimumVisualStudioVersion = 10.0.40219.1
Project("{9A19103F-16F7-4668-BE54-9A1E7A4F7556}") = "FN57_46", "FN57_46.csproj", "{7BCAC0EA-6F8C-4C92-8900-FBFCFDC987FC}"
EndProject
Global
	GlobalSection(SolutionConfigurationPlatforms) = preSolution
		Debug|Any CPU = Debug|Any CPU
		Release|Any CPU = Release|Any CPU
	EndGlobalSection
	GlobalSection(ProjectConfigurationPlatforms) = postSolution
		{7BCAC0EA-6F8C-4C92-8900-FBFCFDC987FC}.Debug|Any CPU.ActiveCfg = Debug|Any CPU
		{7BCAC0EA-6F8C-4C92-8900-FBFCFDC987FC}.Debug|Any CPU.Build.0 = Debug|Any CPU
		{7BCAC0EA-6F8C-4C92-8900-FBFCFDC987FC}.Release|Any CPU.ActiveCfg = Release|Any CPU
		{7BCAC0EA-6F8C-4C92-8900-FBFCFDC987FC}.Release|Any CPU.Build.0 = Release|Any CPU
	EndGlobalSection
	GlobalSection(SolutionProperties) = preSolution
		HideSolutionNode = FALSE
	EndGlobalSection
	GlobalSection(ExtensibilityGlobals) = postSolution
		SolutionGuid = {40C775C9-FEAD-4CF6-B0CE-21EBCCF09AAB}
	EndGlobalSection
EndGlobal
